
Microsoft Visual Studio Solution File, Format Version 10.00
# Visual Studio 2008
Project("{FAE04EC0-301F-11D3-BF4B-00C04F79EFBC}") = "ECTF", "src\ECTF\ECTF.csproj", "{4574F220-F983-40D2-8E86-0B6D1D8911E0}"
EndProject
Project("{FAE04EC0-301F-11D3-BF4B-00C04F79EFBC}") = "ECTF.Web", "src\ECTF.Web\ECTF.Web.csproj", "{DE55D539-43A8-422D-B242-37C0B36C2470}"
EndProject
Global
	GlobalSection(SolutionConfigurationPlatforms) = preSolution
		Debug|Any CPU = Debug|Any CPU
		Release|Any CPU = Release|Any CPU
	EndGlobalSection
	GlobalSection(ProjectConfigurationPlatforms) = postSolution
		{4574F220-F983-40D2-8E86-0B6D1D8911E0}.Debug|Any CPU.ActiveCfg = Debug|Any CPU
		{4574F220-F983-40D2-8E86-0B6D1D8911E0}.Debug|Any CPU.Build.0 = Debug|Any CPU
		{4574F220-F983-40D2-8E86-0B6D1D8911E0}.Release|Any CPU.ActiveCfg = Release|Any CPU
		{4574F220-F983-40D2-8E86-0B6D1D8911E0}.Release|Any CPU.Build.0 = Release|Any CPU
		{DE55D539-43A8-422D-B242-37C0B36C2470}.Debug|Any CPU.ActiveCfg = Debug|Any CPU
		{DE55D539-43A8-422D-B242-37C0B36C2470}.Debug|Any CPU.Build.0 = Debug|Any CPU
		{DE55D539-43A8-422D-B242-37C0B36C2470}.Release|Any CPU.ActiveCfg = Release|Any CPU
		{DE55D539-43A8-422D-B242-37C0B36C2470}.Release|Any CPU.Build.0 = Release|Any CPU
	EndGlobalSection
	GlobalSection(SolutionProperties) = preSolution
		HideSolutionNode = FALSE
	EndGlobalSection
EndGlobal
