
Microsoft Visual Studio Solution File, Format Version 10.00
# Visual Studio 2008
Project("{FAE04EC0-301F-11D3-BF4B-00C04F79EFBC}") = "ElegantCode.TwitterFlair", "src\ElegantCode.TwitterFlair\ElegantCode.TwitterFlair.csproj", "{B2F8AF56-5164-4A77-AAF3-246D192C85A6}"
EndProject
Global
	GlobalSection(SubversionScc) = preSolution
		Svn-Managed = True
		Manager = AnkhSVN - Subversion Support for Visual Studio
	EndGlobalSection
	GlobalSection(SolutionConfigurationPlatforms) = preSolution
		Debug|Any CPU = Debug|Any CPU
		Release|Any CPU = Release|Any CPU
	EndGlobalSection
	GlobalSection(ProjectConfigurationPlatforms) = postSolution
		{B2F8AF56-5164-4A77-AAF3-246D192C85A6}.Debug|Any CPU.ActiveCfg = Debug|Any CPU
		{B2F8AF56-5164-4A77-AAF3-246D192C85A6}.Debug|Any CPU.Build.0 = Debug|Any CPU
		{B2F8AF56-5164-4A77-AAF3-246D192C85A6}.Release|Any CPU.ActiveCfg = Release|Any CPU
		{B2F8AF56-5164-4A77-AAF3-246D192C85A6}.Release|Any CPU.Build.0 = Release|Any CPU
	EndGlobalSection
	GlobalSection(SolutionProperties) = preSolution
		HideSolutionNode = FALSE
	EndGlobalSection
EndGlobal
