
Microsoft Visual Studio Solution File, Format Version 10.00
# Visual Studio 2008
Project("{2150E333-8FDC-42A3-9474-1A3956D46DE8}") = "Solution Items", "Solution Items", "{E6A358BE-57FE-448C-B374-7FA7171833B6}"
	ProjectSection(SolutionItems) = preProject
		ElegantCode.BeSure.vsmdi = ElegantCode.BeSure.vsmdi
		ElegantCode.BeSure1.vsmdi = ElegantCode.BeSure1.vsmdi
		LocalTestRun.testrunconfig = LocalTestRun.testrunconfig
	EndProjectSection
EndProject
Project("{FAE04EC0-301F-11D3-BF4B-00C04F79EFBC}") = "ElegantCode.BeSure.Common", "src\ElegantCode.BeSure.Common\ElegantCode.BeSure.Common.csproj", "{938C230D-2151-4471-AE4F-88CCEEEEBF31}"
EndProject
Project("{FAE04EC0-301F-11D3-BF4B-00C04F79EFBC}") = "ElegantCode.BeSure.Test", "test\ElegantCode.BeSure.Test\ElegantCode.BeSure.Test.csproj", "{2C2EF8CC-D07E-4DAD-BA53-E338B9E9A16C}"
EndProject
Project("{FAE04EC0-301F-11D3-BF4B-00C04F79EFBC}") = "ElegantCode.BeSure.AddIn", "src\ElegantCode.BeSure.AddIn\ElegantCode.BeSure.AddIn.csproj", "{A7E60083-4D90-4BA3-93AF-5D388ADE3D04}"
EndProject
Global
	GlobalSection(TestCaseManagementSettings) = postSolution
		CategoryFile = ElegantCode.BeSure1.vsmdi
	EndGlobalSection
	GlobalSection(SolutionConfigurationPlatforms) = preSolution
		Debug|Any CPU = Debug|Any CPU
		Release|Any CPU = Release|Any CPU
	EndGlobalSection
	GlobalSection(ProjectConfigurationPlatforms) = postSolution
		{938C230D-2151-4471-AE4F-88CCEEEEBF31}.Debug|Any CPU.ActiveCfg = Debug|Any CPU
		{938C230D-2151-4471-AE4F-88CCEEEEBF31}.Debug|Any CPU.Build.0 = Debug|Any CPU
		{938C230D-2151-4471-AE4F-88CCEEEEBF31}.Release|Any CPU.ActiveCfg = Release|Any CPU
		{938C230D-2151-4471-AE4F-88CCEEEEBF31}.Release|Any CPU.Build.0 = Release|Any CPU
		{2C2EF8CC-D07E-4DAD-BA53-E338B9E9A16C}.Debug|Any CPU.ActiveCfg = Debug|Any CPU
		{2C2EF8CC-D07E-4DAD-BA53-E338B9E9A16C}.Debug|Any CPU.Build.0 = Debug|Any CPU
		{2C2EF8CC-D07E-4DAD-BA53-E338B9E9A16C}.Release|Any CPU.ActiveCfg = Release|Any CPU
		{2C2EF8CC-D07E-4DAD-BA53-E338B9E9A16C}.Release|Any CPU.Build.0 = Release|Any CPU
		{A7E60083-4D90-4BA3-93AF-5D388ADE3D04}.Debug|Any CPU.ActiveCfg = Debug|Any CPU
		{A7E60083-4D90-4BA3-93AF-5D388ADE3D04}.Debug|Any CPU.Build.0 = Debug|Any CPU
		{A7E60083-4D90-4BA3-93AF-5D388ADE3D04}.Release|Any CPU.ActiveCfg = Release|Any CPU
		{A7E60083-4D90-4BA3-93AF-5D388ADE3D04}.Release|Any CPU.Build.0 = Release|Any CPU
	EndGlobalSection
	GlobalSection(SolutionProperties) = preSolution
		HideSolutionNode = FALSE
	EndGlobalSection
EndGlobal
